// !$*UTF8*$!
{
	archiveVersion = 1;
	classes = {
	};
	objectVersion = 56;
	objects = {

/* Begin PBXBuildFile section */
		938739682920AEA400C3CC06 /* AppDelegate.swift in Sources */ = {isa = PBXBuildFile; fileRef = 938739672920AEA400C3CC06 /* AppDelegate.swift */; };
		9387396A2920AEA400C3CC06 /* SceneDelegate.swift in Sources */ = {isa = PBXBuildFile; fileRef = 938739692920AEA400C3CC06 /* SceneDelegate.swift */; };
		9387396C2920AEA400C3CC06 /* ViewController.swift in Sources */ = {isa = PBXBuildFile; fileRef = 9387396B2920AEA400C3CC06 /* ViewController.swift */; };
		9387396F2920AEA400C3CC06 /* Main.storyboard in Resources */ = {isa = PBXBuildFile; fileRef = 9387396D2920AEA400C3CC06 /* Main.storyboard */; };
		938739712920AEA800C3CC06 /* Assets.xcassets in Resources */ = {isa = PBXBuildFile; fileRef = 938739702920AEA800C3CC06 /* Assets.xcassets */; };
		938739742920AEA800C3CC06 /* LaunchScreen.storyboard in Resources */ = {isa = PBXBuildFile; fileRef = 938739722920AEA800C3CC06 /* LaunchScreen.storyboard */; };
		938739822920BB6800C3CC06 /* NetworkPrayTimeManager.swift in Sources */ = {isa = PBXBuildFile; fileRef = 938739812920BB6800C3CC06 /* NetworkPrayTimeManager.swift */; };
		938739852920BEAB00C3CC06 /* Constants.swift in Sources */ = {isa = PBXBuildFile; fileRef = 938739842920BEAB00C3CC06 /* Constants.swift */; };
		9387398A2920C6EB00C3CC06 /* ExtensionViewController.swift in Sources */ = {isa = PBXBuildFile; fileRef = 938739892920C6EB00C3CC06 /* ExtensionViewController.swift */; };
		9387398C2920D93A00C3CC06 /* CurrentPrayTimeData.swift in Sources */ = {isa = PBXBuildFile; fileRef = 9387398B2920D93A00C3CC06 /* CurrentPrayTimeData.swift */; };
		9387398E2920F8F200C3CC06 /* PrayTime.swift in Sources */ = {isa = PBXBuildFile; fileRef = 9387398D2920F8F200C3CC06 /* PrayTime.swift */; };
/* End PBXBuildFile section */

/* Begin PBXFileReference section */
		938739642920AEA400C3CC06 /* PrayTime.app */ = {isa = PBXFileReference; explicitFileType = wrapper.application; includeInIndex = 0; path = PrayTime.app; sourceTree = BUILT_PRODUCTS_DIR; };
		938739672920AEA400C3CC06 /* AppDelegate.swift */ = {isa = PBXFileReference; lastKnownFileType = sourcecode.swift; path = AppDelegate.swift; sourceTree = "<group>"; };
		938739692920AEA400C3CC06 /* SceneDelegate.swift */ = {isa = PBXFileReference; lastKnownFileType = sourcecode.swift; path = SceneDelegate.swift; sourceTree = "<group>"; };
		9387396B2920AEA400C3CC06 /* ViewController.swift */ = {isa = PBXFileReference; lastKnownFileType = sourcecode.swift; path = ViewController.swift; sourceTree = "<group>"; };
		9387396E2920AEA400C3CC06 /* Base */ = {isa = PBXFileReference; lastKnownFileType = file.storyboard; name = Base; path = Base.lproj/Main.storyboard; sourceTree = "<group>"; };
		938739702920AEA800C3CC06 /* Assets.xcassets */ = {isa = PBXFileReference; lastKnownFileType = folder.assetcatalog; path = Assets.xcassets; sourceTree = "<group>"; };
		938739732920AEA800C3CC06 /* Base */ = {isa = PBXFileReference; lastKnownFileType = file.storyboard; name = Base; path = Base.lproj/LaunchScreen.storyboard; sourceTree = "<group>"; };
		938739752920AEA800C3CC06 /* Info.plist */ = {isa = PBXFileReference; lastKnownFileType = text.plist.xml; path = Info.plist; sourceTree = "<group>"; };
		938739812920BB6800C3CC06 /* NetworkPrayTimeManager.swift */ = {isa = PBXFileReference; lastKnownFileType = sourcecode.swift; name = NetworkPrayTimeManager.swift; path = PrayTime/NetworkPrayTimeManager.swift; sourceTree = SOURCE_ROOT; };
		938739842920BEAB00C3CC06 /* Constants.swift */ = {isa = PBXFileReference; lastKnownFileType = sourcecode.swift; path = Constants.swift; sourceTree = "<group>"; };
		938739892920C6EB00C3CC06 /* ExtensionViewController.swift */ = {isa = PBXFileReference; lastKnownFileType = sourcecode.swift; path = ExtensionViewController.swift; sourceTree = "<group>"; };
		9387398B2920D93A00C3CC06 /* CurrentPrayTimeData.swift */ = {isa = PBXFileReference; lastKnownFileType = sourcecode.swift; path = CurrentPrayTimeData.swift; sourceTree = "<group>"; };
		9387398D2920F8F200C3CC06 /* PrayTime.swift */ = {isa = PBXFileReference; lastKnownFileType = sourcecode.swift; path = PrayTime.swift; sourceTree = "<group>"; };
/* End PBXFileReference section */

/* Begin PBXFrameworksBuildPhase section */
		938739612920AEA400C3CC06 /* Frameworks */ = {
			isa = PBXFrameworksBuildPhase;
			buildActionMask = 2147483647;
			files = (
			);
			runOnlyForDeploymentPostprocessing = 0;
		};
/* End PBXFrameworksBuildPhase section */

/* Begin PBXGroup section */
		9387395B2920AEA400C3CC06 = {
			isa = PBXGroup;
			children = (
				938739662920AEA400C3CC06 /* PrayTime */,
				938739652920AEA400C3CC06 /* Products */,
			);
			sourceTree = "<group>";
		};
		938739652920AEA400C3CC06 /* Products */ = {
			isa = PBXGroup;
			children = (
				938739642920AEA400C3CC06 /* PrayTime.app */,
			);
			name = Products;
			sourceTree = "<group>";
		};
		938739662920AEA400C3CC06 /* PrayTime */ = {
			isa = PBXGroup;
			children = (
				938739862920C66900C3CC06 /* Extensions */,
				9387397E2920B9D400C3CC06 /* Model */,
				9387397B2920B98200C3CC06 /* Views */,
				9387397D2920B9C500C3CC06 /* Controller */,
				938739832920BE9A00C3CC06 /* Support files */,
				938739702920AEA800C3CC06 /* Assets.xcassets */,
				938739752920AEA800C3CC06 /* Info.plist */,
			);
			path = PrayTime;
			sourceTree = "<group>";
		};
		9387397B2920B98200C3CC06 /* Views */ = {
			isa = PBXGroup;
			children = (
				9387396D2920AEA400C3CC06 /* Main.storyboard */,
				938739722920AEA800C3CC06 /* LaunchScreen.storyboard */,
			);
			path = Views;
			sourceTree = "<group>";
		};
		9387397D2920B9C500C3CC06 /* Controller */ = {
			isa = PBXGroup;
			children = (
				9387396B2920AEA400C3CC06 /* ViewController.swift */,
			);
			path = Controller;
			sourceTree = "<group>";
		};
		9387397E2920B9D400C3CC06 /* Model */ = {
			isa = PBXGroup;
			children = (
				938739812920BB6800C3CC06 /* NetworkPrayTimeManager.swift */,
				9387398B2920D93A00C3CC06 /* CurrentPrayTimeData.swift */,
				9387398D2920F8F200C3CC06 /* PrayTime.swift */,
			);
			path = Model;
			sourceTree = "<group>";
		};
		938739832920BE9A00C3CC06 /* Support files */ = {
			isa = PBXGroup;
			children = (
				938739692920AEA400C3CC06 /* SceneDelegate.swift */,
				938739672920AEA400C3CC06 /* AppDelegate.swift */,
				938739842920BEAB00C3CC06 /* Constants.swift */,
			);
			path = "Support files";
			sourceTree = "<group>";
		};
		938739862920C66900C3CC06 /* Extensions */ = {
			isa = PBXGroup;
			children = (
				938739892920C6EB00C3CC06 /* ExtensionViewController.swift */,
			);
			path = Extensions;
			sourceTree = "<group>";
		};
/* End PBXGroup section */

/* Begin PBXNativeTarget section */
		938739632920AEA400C3CC06 /* PrayTime */ = {
			isa = PBXNativeTarget;
			buildConfigurationList = 938739782920AEA800C3CC06 /* Build configuration list for PBXNativeTarget "PrayTime" */;
			buildPhases = (
				938739602920AEA400C3CC06 /* Sources */,
				938739612920AEA400C3CC06 /* Frameworks */,
				938739622920AEA400C3CC06 /* Resources */,
			);
			buildRules = (
			);
			dependencies = (
			);
			name = PrayTime;
			productName = PrayTime;
			productReference = 938739642920AEA400C3CC06 /* PrayTime.app */;
			productType = "com.apple.product-type.application";
		};
/* End PBXNativeTarget section */

/* Begin PBXProject section */
		9387395C2920AEA400C3CC06 /* Project object */ = {
			isa = PBXProject;
			attributes = {
				BuildIndependentTargetsInParallel = 1;
				LastSwiftUpdateCheck = 1400;
				LastUpgradeCheck = 1400;
				TargetAttributes = {
					938739632920AEA400C3CC06 = {
						CreatedOnToolsVersion = 14.0.1;
					};
				};
			};
			buildConfigurationList = 9387395F2920AEA400C3CC06 /* Build configuration list for PBXProject "PrayTime" */;
			compatibilityVersion = "Xcode 14.0";
			developmentRegion = en;
			hasScannedForEncodings = 0;
			knownRegions = (
				en,
				Base,
			);
			mainGroup = 9387395B2920AEA400C3CC06;
			productRefGroup = 938739652920AEA400C3CC06 /* Products */;
			projectDirPath = "";
			projectRoot = "";
			targets = (
				938739632920AEA400C3CC06 /* PrayTime */,
			);
		};
/* End PBXProject section */

/* Begin PBXResourcesBuildPhase section */
		938739622920AEA400C3CC06 /* Resources */ = {
			isa = PBXResourcesBuildPhase;
			buildActionMask = 2147483647;
			files = (
				938739742920AEA800C3CC06 /* LaunchScreen.storyboard in Resources */,
				938739712920AEA800C3CC06 /* Assets.xcassets in Resources */,
				9387396F2920AEA400C3CC06 /* Main.storyboard in Resources */,
			);
			runOnlyForDeploymentPostprocessing = 0;
		};
/* End PBXResourcesBuildPhase section */

/* Begin PBXSourcesBuildPhase section */
		938739602920AEA400C3CC06 /* Sources */ = {
			isa = PBXSourcesBuildPhase;
			buildActionMask = 2147483647;
			files = (
				9387398C2920D93A00C3CC06 /* CurrentPrayTimeData.swift in Sources */,
				938739852920BEAB00C3CC06 /* Constants.swift in Sources */,
				9387396C2920AEA400C3CC06 /* ViewController.swift in Sources */,
				9387398A2920C6EB00C3CC06 /* ExtensionViewController.swift in Sources */,
				9387398E2920F8F200C3CC06 /* PrayTime.swift in Sources */,
				938739682920AEA400C3CC06 /* AppDelegate.swift in Sources */,
				9387396A2920AEA400C3CC06 /* SceneDelegate.swift in Sources */,
				938739822920BB6800C3CC06 /* NetworkPrayTimeManager.swift in Sources */,
			);
			runOnlyForDeploymentPostprocessing = 0;
		};
/* End PBXSourcesBuildPhase section */

/* Begin PBXVariantGroup section */
		9387396D2920AEA400C3CC06 /* Main.storyboard */ = {
			isa = PBXVariantGroup;
			children = (
				9387396E2920AEA400C3CC06 /* Base */,
			);
			name = Main.storyboard;
			sourceTree = "<group>";
		};
		938739722920AEA800C3CC06 /* LaunchScreen.storyboard */ = {
			isa = PBXVariantGroup;
			children = (
				938739732920AEA800C3CC06 /* Base */,
			);
			name = LaunchScreen.storyboard;
			sourceTree = "<group>";
		};
/* End PBXVariantGroup section */

/* Begin XCBuildConfiguration section */
		938739762920AEA800C3CC06 /* Debug */ = {
			isa = XCBuildConfiguration;
			buildSettings = {
				ALWAYS_SEARCH_USER_PATHS = NO;
				CLANG_ANALYZER_NONNULL = YES;
				CLANG_ANALYZER_NUMBER_OBJECT_CONVERSION = YES_AGGRESSIVE;
				CLANG_CXX_LANGUAGE_STANDARD = "gnu++20";
				CLANG_ENABLE_MODULES = YES;
				CLANG_ENABLE_OBJC_ARC = YES;
				CLANG_ENABLE_OBJC_WEAK = YES;
				CLANG_WARN_BLOCK_CAPTURE_AUTORELEASING = YES;
				CLANG_WARN_BOOL_CONVERSION = YES;
				CLANG_WARN_COMMA = YES;
				CLANG_WARN_CONSTANT_CONVERSION = YES;
				CLANG_WARN_DEPRECATED_OBJC_IMPLEMENTATIONS = YES;
				CLANG_WARN_DIRECT_OBJC_ISA_USAGE = YES_ERROR;
				CLANG_WARN_DOCUMENTATION_COMMENTS = YES;
				CLANG_WARN_EMPTY_BODY = YES;
				CLANG_WARN_ENUM_CONVERSION = YES;
				CLANG_WARN_INFINITE_RECURSION = YES;
				CLANG_WARN_INT_CONVERSION = YES;
				CLANG_WARN_NON_LITERAL_NULL_CONVERSION = YES;
				CLANG_WARN_OBJC_IMPLICIT_RETAIN_SELF = YES;
				CLANG_WARN_OBJC_LITERAL_CONVERSION = YES;
				CLANG_WARN_OBJC_ROOT_CLASS = YES_ERROR;
				CLANG_WARN_QUOTED_INCLUDE_IN_FRAMEWORK_HEADER = YES;
				CLANG_WARN_RANGE_LOOP_ANALYSIS = YES;
				CLANG_WARN_STRICT_PROTOTYPES = YES;
				CLANG_WARN_SUSPICIOUS_MOVE = YES;
				CLANG_WARN_UNGUARDED_AVAILABILITY = YES_AGGRESSIVE;
				CLANG_WARN_UNREACHABLE_CODE = YES;
				CLANG_WARN__DUPLICATE_METHOD_MATCH = YES;
				COPY_PHASE_STRIP = NO;
				DEBUG_INFORMATION_FORMAT = dwarf;
				ENABLE_STRICT_OBJC_MSGSEND = YES;
				ENABLE_TESTABILITY = YES;
				GCC_C_LANGUAGE_STANDARD = gnu11;
				GCC_DYNAMIC_NO_PIC = NO;
				GCC_NO_COMMON_BLOCKS = YES;
				GCC_OPTIMIZATION_LEVEL = 0;
				GCC_PREPROCESSOR_DEFINITIONS = (
					"DEBUG=1",
					"$(inherited)",
				);
				GCC_WARN_64_TO_32_BIT_CONVERSION = YES;
				GCC_WARN_ABOUT_RETURN_TYPE = YES_ERROR;
				GCC_WARN_UNDECLARED_SELECTOR = YES;
				GCC_WARN_UNINITIALIZED_AUTOS = YES_AGGRESSIVE;
				GCC_WARN_UNUSED_FUNCTION = YES;
				GCC_WARN_UNUSED_VARIABLE = YES;
				IPHONEOS_DEPLOYMENT_TARGET = 16.0;
				MTL_ENABLE_DEBUG_INFO = INCLUDE_SOURCE;
				MTL_FAST_MATH = YES;
				ONLY_ACTIVE_ARCH = YES;
				SDKROOT = iphoneos;
				SWIFT_ACTIVE_COMPILATION_CONDITIONS = DEBUG;
				SWIFT_OPTIMIZATION_LEVEL = "-Onone";
			};
			name = Debug;
		};
		938739772920AEA800C3CC06 /* Release */ = {
			isa = XCBuildConfiguration;
			buildSettings = {
				ALWAYS_SEARCH_USER_PATHS = NO;
				CLANG_ANALYZER_NONNULL = YES;
				CLANG_ANALYZER_NUMBER_OBJECT_CONVERSION = YES_AGGRESSIVE;
				CLANG_CXX_LANGUAGE_STANDARD = "gnu++20";
				CLANG_ENABLE_MODULES = YES;
				CLANG_ENABLE_OBJC_ARC = YES;
				CLANG_ENABLE_OBJC_WEAK = YES;
				CLANG_WARN_BLOCK_CAPTURE_AUTORELEASING = YES;
				CLANG_WARN_BOOL_CONVERSION = YES;
				CLANG_WARN_COMMA = YES;
				CLANG_WARN_CONSTANT_CONVERSION = YES;
				CLANG_WARN_DEPRECATED_OBJC_IMPLEMENTATIONS = YES;
				CLANG_WARN_DIRECT_OBJC_ISA_USAGE = YES_ERROR;
				CLANG_WARN_DOCUMENTATION_COMMENTS = YES;
				CLANG_WARN_EMPTY_BODY = YES;
				CLANG_WARN_ENUM_CONVERSION = YES;
				CLANG_WARN_INFINITE_RECURSION = YES;
				CLANG_WARN_INT_CONVERSION = YES;
				CLANG_WARN_NON_LITERAL_NULL_CONVERSION = YES;
				CLANG_WARN_OBJC_IMPLICIT_RETAIN_SELF = YES;
				CLANG_WARN_OBJC_LITERAL_CONVERSION = YES;
				CLANG_WARN_OBJC_ROOT_CLASS = YES_ERROR;
				CLANG_WARN_QUOTED_INCLUDE_IN_FRAMEWORK_HEADER = YES;
				CLANG_WARN_RANGE_LOOP_ANALYSIS = YES;
				CLANG_WARN_STRICT_PROTOTYPES = YES;
				CLANG_WARN_SUSPICIOUS_MOVE = YES;
				CLANG_WARN_UNGUARDED_AVAILABILITY = YES_AGGRESSIVE;
				CLANG_WARN_UNREACHABLE_CODE = YES;
				CLANG_WARN__DUPLICATE_METHOD_MATCH = YES;
				COPY_PHASE_STRIP = NO;
				DEBUG_INFORMATION_FORMAT = "dwarf-with-dsym";
				ENABLE_NS_ASSERTIONS = NO;
				ENABLE_STRICT_OBJC_MSGSEND = YES;
				GCC_C_LANGUAGE_STANDARD = gnu11;
				GCC_NO_COMMON_BLOCKS = YES;
				GCC_WARN_64_TO_32_BIT_CONVERSION = YES;
				GCC_WARN_ABOUT_RETURN_TYPE = YES_ERROR;
				GCC_WARN_UNDECLARED_SELECTOR = YES;
				GCC_WARN_UNINITIALIZED_AUTOS = YES_AGGRESSIVE;
				GCC_WARN_UNUSED_FUNCTION = YES;
				GCC_WARN_UNUSED_VARIABLE = YES;
				IPHONEOS_DEPLOYMENT_TARGET = 16.0;
				MTL_ENABLE_DEBUG_INFO = NO;
				MTL_FAST_MATH = YES;
				SDKROOT = iphoneos;
				SWIFT_COMPILATION_MODE = wholemodule;
				SWIFT_OPTIMIZATION_LEVEL = "-O";
				VALIDATE_PRODUCT = YES;
			};
			name = Release;
		};
		938739792920AEA800C3CC06 /* Debug */ = {
			isa = XCBuildConfiguration;
			buildSettings = {
				ASSETCATALOG_COMPILER_APPICON_NAME = AppIcon;
				ASSETCATALOG_COMPILER_GLOBAL_ACCENT_COLOR_NAME = AccentColor;
				CODE_SIGN_STYLE = Automatic;
				CURRENT_PROJECT_VERSION = 1;
				DEVELOPMENT_TEAM = 54WC7YP7UK;
				GENERATE_INFOPLIST_FILE = YES;
				INFOPLIST_FILE = PrayTime/Info.plist;
				INFOPLIST_KEY_UIApplicationSupportsIndirectInputEvents = YES;
				INFOPLIST_KEY_UILaunchStoryboardName = LaunchScreen;
				INFOPLIST_KEY_UIMainStoryboardFile = Main;
				INFOPLIST_KEY_UISupportedInterfaceOrientations_iPad = "UIInterfaceOrientationPortrait UIInterfaceOrientationPortraitUpsideDown UIInterfaceOrientationLandscapeLeft UIInterfaceOrientationLandscapeRight";
				INFOPLIST_KEY_UISupportedInterfaceOrientations_iPhone = "UIInterfaceOrientationPortrait UIInterfaceOrientationLandscapeLeft UIInterfaceOrientationLandscapeRight";
				IPHONEOS_DEPLOYMENT_TARGET = 15.4;
				LD_RUNPATH_SEARCH_PATHS = (
					"$(inherited)",
					"@executable_path/Frameworks",
				);
				MARKETING_VERSION = 1.0;
				PRODUCT_BUNDLE_IDENTIFIER = com.nurdau.PrayTime;
				PRODUCT_NAME = "$(TARGET_NAME)";
				SUPPORTED_PLATFORMS = "iphoneos iphonesimulator";
				SUPPORTS_MACCATALYST = NO;
				SUPPORTS_MAC_DESIGNED_FOR_IPHONE_IPAD = NO;
				SWIFT_EMIT_LOC_STRINGS = YES;
				SWIFT_VERSION = 5.0;
				TARGETED_DEVICE_FAMILY = 1;
			};
			name = Debug;
		};
		9387397A2920AEA800C3CC06 /* Release */ = {
			isa = XCBuildConfiguration;
			buildSettings = {
				ASSETCATALOG_COMPILER_APPICON_NAME = AppIcon;
				ASSETCATALOG_COMPILER_GLOBAL_ACCENT_COLOR_NAME = AccentColor;
				CODE_SIGN_STYLE = Automatic;
				CURRENT_PROJECT_VERSION = 1;
				DEVELOPMENT_TEAM = 54WC7YP7UK;
				GENERATE_INFOPLIST_FILE = YES;
				INFOPLIST_FILE = PrayTime/Info.plist;
				INFOPLIST_KEY_UIApplicationSupportsIndirectInputEvents = YES;
				INFOPLIST_KEY_UILaunchStoryboardName = LaunchScreen;
				INFOPLIST_KEY_UIMainStoryboardFile = Main;
				INFOPLIST_KEY_UISupportedInterfaceOrientations_iPad = "UIInterfaceOrientationPortrait UIInterfaceOrientationPortraitUpsideDown UIInterfaceOrientationLandscapeLeft UIInterfaceOrientationLandscapeRight";
				INFOPLIST_KEY_UISupportedInterfaceOrientations_iPhone = "UIInterfaceOrientationPortrait UIInterfaceOrientationLandscapeLeft UIInterfaceOrientationLandscapeRight";
				IPHONEOS_DEPLOYMENT_TARGET = 15.4;
				LD_RUNPATH_SEARCH_PATHS = (
					"$(inherited)",
					"@executable_path/Frameworks",
				);
				MARKETING_VERSION = 1.0;
				PRODUCT_BUNDLE_IDENTIFIER = com.nurdau.PrayTime;
				PRODUCT_NAME = "$(TARGET_NAME)";
				SUPPORTED_PLATFORMS = "iphoneos iphonesimulator";
				SUPPORTS_MACCATALYST = NO;
				SUPPORTS_MAC_DESIGNED_FOR_IPHONE_IPAD = NO;
				SWIFT_EMIT_LOC_STRINGS = YES;
				SWIFT_VERSION = 5.0;
				TARGETED_DEVICE_FAMILY = 1;
			};
			name = Release;
		};
/* End XCBuildConfiguration section */

/* Begin XCConfigurationList section */
		9387395F2920AEA400C3CC06 /* Build configuration list for PBXProject "PrayTime" */ = {
			isa = XCConfigurationList;
			buildConfigurations = (
				938739762920AEA800C3CC06 /* Debug */,
				938739772920AEA800C3CC06 /* Release */,
			);
			defaultConfigurationIsVisible = 0;
			defaultConfigurationName = Release;
		};
		938739782920AEA800C3CC06 /* Build configuration list for PBXNativeTarget "PrayTime" */ = {
			isa = XCConfigurationList;
			buildConfigurations = (
				938739792920AEA800C3CC06 /* Debug */,
				9387397A2920AEA800C3CC06 /* Release */,
			);
			defaultConfigurationIsVisible = 0;
			defaultConfigurationName = Release;
		};
/* End XCConfigurationList section */
	};
	rootObject = 9387395C2920AEA400C3CC06 /* Project object */;
}
